// !$*UTF8*$!
{
	archiveVersion = 1;
	classes = {
	};
	objectVersion = 77;
	objects = {

/* Begin PBXBuildFile section */
		1CC20DE32D5D1E4E00B931DE /* UnitTests.xctestplan in Resources */ = {isa = PBXBuildFile; fileRef = 1CC20DE22D5D1E4E00B931DE /* UnitTests.xctestplan */; };
		1CC20DE82D5D2C8200B931DE /* AllTests.xctestplan in Resources */ = {isa = PBXBuildFile; fileRef = 1CC20DE62D5D2C8200B931DE /* AllTests.xctestplan */; };
		1CC20DE92D5D2C8200B931DE /* UITests.xctestplan in Resources */ = {isa = PBXBuildFile; fileRef = 1CC20DE72D5D2C8200B931DE /* UITests.xctestplan */; };
		1CC20DEA2D5D2C8200B931DE /* AllTests.xctestplan in Resources */ = {isa = PBXBuildFile; fileRef = 1CC20DE62D5D2C8200B931DE /* AllTests.xctestplan */; };
		1CC20DEB2D5D2C8200B931DE /* UITests.xctestplan in Resources */ = {isa = PBXBuildFile; fileRef = 1CC20DE72D5D2C8200B931DE /* UITests.xctestplan */; };
		1CC20DEC2D5D2C8200B931DE /* AllTests.xctestplan in Resources */ = {isa = PBXBuildFile; fileRef = 1CC20DE62D5D2C8200B931DE /* AllTests.xctestplan */; };
		1CC20DED2D5D2C8200B931DE /* UITests.xctestplan in Resources */ = {isa = PBXBuildFile; fileRef = 1CC20DE72D5D2C8200B931DE /* UITests.xctestplan */; };
		1CC20DF12D66571800B931DE /* sonar-project.properties in Resources */ = {isa = PBXBuildFile; fileRef = 1CC20DF02D66570200B931DE /* sonar-project.properties */; };
		1CC20DF22D66571800B931DE /* sonar-project.properties in Resources */ = {isa = PBXBuildFile; fileRef = 1CC20DF02D66570200B931DE /* sonar-project.properties */; };
		1CC20DF32D66571800B931DE /* sonar-project.properties in Resources */ = {isa = PBXBuildFile; fileRef = 1CC20DF02D66570200B931DE /* sonar-project.properties */; };
/* End PBXBuildFile section */

/* Begin PBXContainerItemProxy section */
		2F3320512D52BFDE00A448AA /* PBXContainerItemProxy */ = {
			isa = PBXContainerItemProxy;
			containerPortal = 2F3320382D52BFDC00A448AA /* Project object */;
			proxyType = 1;
			remoteGlobalIDString = 2F33203F2D52BFDC00A448AA;
			remoteInfo = SQDemo;
		};
		2F33205B2D52BFDE00A448AA /* PBXContainerItemProxy */ = {
			isa = PBXContainerItemProxy;
			containerPortal = 2F3320382D52BFDC00A448AA /* Project object */;
			proxyType = 1;
			remoteGlobalIDString = 2F33203F2D52BFDC00A448AA;
			remoteInfo = SQDemo;
		};
/* End PBXContainerItemProxy section */

/* Begin PBXFileReference section */
		1C3FE4F92D5D1BA60076BE37 /* SQDemo.xctestplan */ = {isa = PBXFileReference; lastKnownFileType = text; path = SQDemo.xctestplan; sourceTree = "<group>"; };
		1CC20DE22D5D1E4E00B931DE /* UnitTests.xctestplan */ = {isa = PBXFileReference; lastKnownFileType = text; path = UnitTests.xctestplan; sourceTree = "<group>"; };
		1CC20DE62D5D2C8200B931DE /* AllTests.xctestplan */ = {isa = PBXFileReference; lastKnownFileType = text; path = AllTests.xctestplan; sourceTree = "<group>"; };
		1CC20DE72D5D2C8200B931DE /* UITests.xctestplan */ = {isa = PBXFileReference; lastKnownFileType = text; path = UITests.xctestplan; sourceTree = "<group>"; };
		1CC20DEF2D6656EF00B931DE /* ci_post_xcodebuild.sh */ = {isa = PBXFileReference; lastKnownFileType = text.script.sh; path = ci_post_xcodebuild.sh; sourceTree = "<group>"; };
		1CC20DF02D66570200B931DE /* sonar-project.properties */ = {isa = PBXFileReference; lastKnownFileType = text; path = "sonar-project.properties"; sourceTree = "<group>"; };
		1CC20DF42D665A1900B931DE /* xccov-to-sonarqube-generic.sh */ = {isa = PBXFileReference; lastKnownFileType = text.script.sh; path = "xccov-to-sonarqube-generic.sh"; sourceTree = "<group>"; };
		2F3320402D52BFDC00A448AA /* OurSQDemo.app */ = {isa = PBXFileReference; explicitFileType = wrapper.application; includeInIndex = 0; path = OurSQDemo.app; sourceTree = BUILT_PRODUCTS_DIR; };
		2F3320502D52BFDE00A448AA /* OurSQDemoTests.xctest */ = {isa = PBXFileReference; explicitFileType = wrapper.cfbundle; includeInIndex = 0; path = OurSQDemoTests.xctest; sourceTree = BUILT_PRODUCTS_DIR; };
		2F33205A2D52BFDE00A448AA /* OurSQDemoUITests.xctest */ = {isa = PBXFileReference; explicitFileType = wrapper.cfbundle; includeInIndex = 0; path = OurSQDemoUITests.xctest; sourceTree = BUILT_PRODUCTS_DIR; };
		2F63CE0F2DCDB4E4006C6778 /* ci_post_clone.sh */ = {isa = PBXFileReference; lastKnownFileType = text.script.sh; path = ci_post_clone.sh; sourceTree = "<group>"; };
/* End PBXFileReference section */

/* Begin PBXFileSystemSynchronizedRootGroup section */
		2F3320422D52BFDC00A448AA /* SQDemo */ = {
			isa = PBXFileSystemSynchronizedRootGroup;
			path = SQDemo;
			sourceTree = "<group>";
		};
		2F3320532D52BFDE00A448AA /* SQDemoTests */ = {
			isa = PBXFileSystemSynchronizedRootGroup;
			path = SQDemoTests;
			sourceTree = "<group>";
		};
		2F33205D2D52BFDE00A448AA /* SQDemoUITests */ = {
			isa = PBXFileSystemSynchronizedRootGroup;
			path = SQDemoUITests;
			sourceTree = "<group>";
		};
/* End PBXFileSystemSynchronizedRootGroup section */

/* Begin PBXFrameworksBuildPhase section */
		2F33203D2D52BFDC00A448AA /* Frameworks */ = {
			isa = PBXFrameworksBuildPhase;
			buildActionMask = 2147483647;
			files = (
			);
			runOnlyForDeploymentPostprocessing = 0;
		};
		2F33204D2D52BFDE00A448AA /* Frameworks */ = {
			isa = PBXFrameworksBuildPhase;
			buildActionMask = 2147483647;
			files = (
			);
			runOnlyForDeploymentPostprocessing = 0;
		};
		2F3320572D52BFDE00A448AA /* Frameworks */ = {
			isa = PBXFrameworksBuildPhase;
			buildActionMask = 2147483647;
			files = (
			);
			runOnlyForDeploymentPostprocessing = 0;
		};
/* End PBXFrameworksBuildPhase section */

/* Begin PBXGroup section */
		1CC20DEE2D6656AC00B931DE /* ci_scripts */ = {
			isa = PBXGroup;
			children = (
				2F63CE0F2DCDB4E4006C6778 /* ci_post_clone.sh */,
				1CC20DF42D665A1900B931DE /* xccov-to-sonarqube-generic.sh */,
				1CC20DEF2D6656EF00B931DE /* ci_post_xcodebuild.sh */,
			);
			path = ci_scripts;
			sourceTree = "<group>";
		};
		2F3320372D52BFDC00A448AA = {
			isa = PBXGroup;
			children = (
				1CC20DF02D66570200B931DE /* sonar-project.properties */,
				1CC20DEE2D6656AC00B931DE /* ci_scripts */,
				1CC20DE62D5D2C8200B931DE /* AllTests.xctestplan */,
				1CC20DE72D5D2C8200B931DE /* UITests.xctestplan */,
				1CC20DE22D5D1E4E00B931DE /* UnitTests.xctestplan */,
				1C3FE4F92D5D1BA60076BE37 /* SQDemo.xctestplan */,
				2F3320422D52BFDC00A448AA /* SQDemo */,
				2F3320532D52BFDE00A448AA /* SQDemoTests */,
				2F33205D2D52BFDE00A448AA /* SQDemoUITests */,
				2F3320412D52BFDC00A448AA /* Products */,
			);
			sourceTree = "<group>";
		};
		2F3320412D52BFDC00A448AA /* Products */ = {
			isa = PBXGroup;
			children = (
				2F3320402D52BFDC00A448AA /* OurSQDemo.app */,
				2F3320502D52BFDE00A448AA /* OurSQDemoTests.xctest */,
				2F33205A2D52BFDE00A448AA /* OurSQDemoUITests.xctest */,
			);
			name = Products;
			sourceTree = "<group>";
		};
/* End PBXGroup section */

/* Begin PBXNativeTarget section */
		2F33203F2D52BFDC00A448AA /* OurSQDemo */ = {
			isa = PBXNativeTarget;
			buildConfigurationList = 2F3320642D52BFDE00A448AA /* Build configuration list for PBXNativeTarget "OurSQDemo" */;
			buildPhases = (
				2F33203C2D52BFDC00A448AA /* Sources */,
				2F33203D2D52BFDC00A448AA /* Frameworks */,
				2F33203E2D52BFDC00A448AA /* Resources */,
			);
			buildRules = (
			);
			dependencies = (
			);
			fileSystemSynchronizedGroups = (
				2F3320422D52BFDC00A448AA /* SQDemo */,
			);
			name = OurSQDemo;
			packageProductDependencies = (
			);
			productName = SQDemo;
			productReference = 2F3320402D52BFDC00A448AA /* OurSQDemo.app */;
			productType = "com.apple.product-type.application";
		};
		2F33204F2D52BFDE00A448AA /* OurSQDemoTests */ = {
			isa = PBXNativeTarget;
			buildConfigurationList = 2F3320672D52BFDE00A448AA /* Build configuration list for PBXNativeTarget "OurSQDemoTests" */;
			buildPhases = (
				2F33204C2D52BFDE00A448AA /* Sources */,
				2F33204D2D52BFDE00A448AA /* Frameworks */,
				2F33204E2D52BFDE00A448AA /* Resources */,
			);
			buildRules = (
			);
			dependencies = (
				2F3320522D52BFDE00A448AA /* PBXTargetDependency */,
			);
			fileSystemSynchronizedGroups = (
				2F3320532D52BFDE00A448AA /* SQDemoTests */,
			);
			name = OurSQDemoTests;
			packageProductDependencies = (
			);
			productName = SQDemoTests;
			productReference = 2F3320502D52BFDE00A448AA /* OurSQDemoTests.xctest */;
			productType = "com.apple.product-type.bundle.unit-test";
		};
		2F3320592D52BFDE00A448AA /* OurSQDemoUITests */ = {
			isa = PBXNativeTarget;
			buildConfigurationList = 2F33206A2D52BFDE00A448AA /* Build configuration list for PBXNativeTarget "OurSQDemoUITests" */;
			buildPhases = (
				2F3320562D52BFDE00A448AA /* Sources */,
				2F3320572D52BFDE00A448AA /* Frameworks */,
				2F3320582D52BFDE00A448AA /* Resources */,
			);
			buildRules = (
			);
			dependencies = (
				2F33205C2D52BFDE00A448AA /* PBXTargetDependency */,
			);
			fileSystemSynchronizedGroups = (
				2F33205D2D52BFDE00A448AA /* SQDemoUITests */,
			);
			name = OurSQDemoUITests;
			packageProductDependencies = (
			);
			productName = SQDemoUITests;
			productReference = 2F33205A2D52BFDE00A448AA /* OurSQDemoUITests.xctest */;
			productType = "com.apple.product-type.bundle.ui-testing";
		};
/* End PBXNativeTarget section */

/* Begin PBXProject section */
		2F3320382D52BFDC00A448AA /* Project object */ = {
			isa = PBXProject;
			attributes = {
				BuildIndependentTargetsInParallel = 1;
				LastSwiftUpdateCheck = 1620;
				LastUpgradeCheck = 1620;
				TargetAttributes = {
					2F33203F2D52BFDC00A448AA = {
						CreatedOnToolsVersion = 16.2;
					};
					2F33204F2D52BFDE00A448AA = {
						CreatedOnToolsVersion = 16.2;
						TestTargetID = 2F33203F2D52BFDC00A448AA;
					};
					2F3320592D52BFDE00A448AA = {
						CreatedOnToolsVersion = 16.2;
						TestTargetID = 2F33203F2D52BFDC00A448AA;
					};
				};
			};
			buildConfigurationList = 2F33203B2D52BFDC00A448AA /* Build configuration list for PBXProject "SQDemo" */;
			developmentRegion = en;
			hasScannedForEncodings = 0;
			knownRegions = (
				en,
				Base,
			);
			mainGroup = 2F3320372D52BFDC00A448AA;
			minimizedProjectReferenceProxies = 1;
			preferredProjectObjectVersion = 77;
			productRefGroup = 2F3320412D52BFDC00A448AA /* Products */;
			projectDirPath = "";
			projectRoot = "";
			targets = (
				2F33203F2D52BFDC00A448AA /* OurSQDemo */,
				2F33204F2D52BFDE00A448AA /* OurSQDemoTests */,
				2F3320592D52BFDE00A448AA /* OurSQDemoUITests */,
			);
		};
/* End PBXProject section */

/* Begin PBXResourcesBuildPhase section */
		2F33203E2D52BFDC00A448AA /* Resources */ = {
			isa = PBXResourcesBuildPhase;
			buildActionMask = 2147483647;
			files = (
				1CC20DF12D66571800B931DE /* sonar-project.properties in Resources */,
				1CC20DE82D5D2C8200B931DE /* AllTests.xctestplan in Resources */,
				1CC20DE92D5D2C8200B931DE /* UITests.xctestplan in Resources */,
				1CC20DE32D5D1E4E00B931DE /* UnitTests.xctestplan in Resources */,
			);
			runOnlyForDeploymentPostprocessing = 0;
		};
		2F33204E2D52BFDE00A448AA /* Resources */ = {
			isa = PBXResourcesBuildPhase;
			buildActionMask = 2147483647;
			files = (
				1CC20DF32D66571800B931DE /* sonar-project.properties in Resources */,
				1CC20DEC2D5D2C8200B931DE /* AllTests.xctestplan in Resources */,
				1CC20DED2D5D2C8200B931DE /* UITests.xctestplan in Resources */,
			);
			runOnlyForDeploymentPostprocessing = 0;
		};
		2F3320582D52BFDE00A448AA /* Resources */ = {
			isa = PBXResourcesBuildPhase;
			buildActionMask = 2147483647;
			files = (
				1CC20DF22D66571800B931DE /* sonar-project.properties in Resources */,
				1CC20DEA2D5D2C8200B931DE /* AllTests.xctestplan in Resources */,
				1CC20DEB2D5D2C8200B931DE /* UITests.xctestplan in Resources */,
			);
			runOnlyForDeploymentPostprocessing = 0;
		};
/* End PBXResourcesBuildPhase section */

/* Begin PBXSourcesBuildPhase section */
		2F33203C2D52BFDC00A448AA /* Sources */ = {
			isa = PBXSourcesBuildPhase;
			buildActionMask = 2147483647;
			files = (
			);
			runOnlyForDeploymentPostprocessing = 0;
		};
		2F33204C2D52BFDE00A448AA /* Sources */ = {
			isa = PBXSourcesBuildPhase;
			buildActionMask = 2147483647;
			files = (
			);
			runOnlyForDeploymentPostprocessing = 0;
		};
		2F3320562D52BFDE00A448AA /* Sources */ = {
			isa = PBXSourcesBuildPhase;
			buildActionMask = 2147483647;
			files = (
			);
			runOnlyForDeploymentPostprocessing = 0;
		};
/* End PBXSourcesBuildPhase section */

/* Begin PBXTargetDependency section */
		2F3320522D52BFDE00A448AA /* PBXTargetDependency */ = {
			isa = PBXTargetDependency;
			target = 2F33203F2D52BFDC00A448AA /* OurSQDemo */;
			targetProxy = 2F3320512D52BFDE00A448AA /* PBXContainerItemProxy */;
		};
		2F33205C2D52BFDE00A448AA /* PBXTargetDependency */ = {
			isa = PBXTargetDependency;
			target = 2F33203F2D52BFDC00A448AA /* OurSQDemo */;
			targetProxy = 2F33205B2D52BFDE00A448AA /* PBXContainerItemProxy */;
		};
/* End PBXTargetDependency section */

/* Begin XCBuildConfiguration section */
		2F3320622D52BFDE00A448AA /* Debug */ = {
			isa = XCBuildConfiguration;
			buildSettings = {
				ALWAYS_SEARCH_USER_PATHS = NO;
				ASSETCATALOG_COMPILER_GENERATE_SWIFT_ASSET_SYMBOL_EXTENSIONS = YES;
				CLANG_ANALYZER_NONNULL = YES;
				CLANG_ANALYZER_NUMBER_OBJECT_CONVERSION = YES_AGGRESSIVE;
				CLANG_CXX_LANGUAGE_STANDARD = "gnu++20";
				CLANG_ENABLE_MODULES = YES;
				CLANG_ENABLE_OBJC_ARC = YES;
				CLANG_ENABLE_OBJC_WEAK = YES;
				CLANG_WARN_BLOCK_CAPTURE_AUTORELEASING = YES;
				CLANG_WARN_BOOL_CONVERSION = YES;
				CLANG_WARN_COMMA = YES;
				CLANG_WARN_CONSTANT_CONVERSION = YES;
				CLANG_WARN_DEPRECATED_OBJC_IMPLEMENTATIONS = YES;
				CLANG_WARN_DIRECT_OBJC_ISA_USAGE = YES_ERROR;
				CLANG_WARN_DOCUMENTATION_COMMENTS = YES;
				CLANG_WARN_EMPTY_BODY = YES;
				CLANG_WARN_ENUM_CONVERSION = YES;
				CLANG_WARN_INFINITE_RECURSION = YES;
				CLANG_WARN_INT_CONVERSION = YES;
				CLANG_WARN_NON_LITERAL_NULL_CONVERSION = YES;
				CLANG_WARN_OBJC_IMPLICIT_RETAIN_SELF = YES;
				CLANG_WARN_OBJC_LITERAL_CONVERSION = YES;
				CLANG_WARN_OBJC_ROOT_CLASS = YES_ERROR;
				CLANG_WARN_QUOTED_INCLUDE_IN_FRAMEWORK_HEADER = YES;
				CLANG_WARN_RANGE_LOOP_ANALYSIS = YES;
				CLANG_WARN_STRICT_PROTOTYPES = YES;
				CLANG_WARN_SUSPICIOUS_MOVE = YES;
				CLANG_WARN_UNGUARDED_AVAILABILITY = YES_AGGRESSIVE;
				CLANG_WARN_UNREACHABLE_CODE = YES;
				CLANG_WARN__DUPLICATE_METHOD_MATCH = YES;
				COPY_PHASE_STRIP = NO;
				DEBUG_INFORMATION_FORMAT = dwarf;
				ENABLE_STRICT_OBJC_MSGSEND = YES;
				ENABLE_TESTABILITY = YES;
				ENABLE_USER_SCRIPT_SANDBOXING = YES;
				GCC_C_LANGUAGE_STANDARD = gnu17;
				GCC_DYNAMIC_NO_PIC = NO;
				GCC_NO_COMMON_BLOCKS = YES;
				GCC_OPTIMIZATION_LEVEL = 0;
				GCC_PREPROCESSOR_DEFINITIONS = (
					"DEBUG=1",
					"$(inherited)",
				);
				GCC_WARN_64_TO_32_BIT_CONVERSION = YES;
				GCC_WARN_ABOUT_RETURN_TYPE = YES_ERROR;
				GCC_WARN_UNDECLARED_SELECTOR = YES;
				GCC_WARN_UNINITIALIZED_AUTOS = YES_AGGRESSIVE;
				GCC_WARN_UNUSED_FUNCTION = YES;
				GCC_WARN_UNUSED_VARIABLE = YES;
				IPHONEOS_DEPLOYMENT_TARGET = 18.2;
				LOCALIZATION_PREFERS_STRING_CATALOGS = YES;
				MTL_ENABLE_DEBUG_INFO = INCLUDE_SOURCE;
				MTL_FAST_MATH = YES;
				ONLY_ACTIVE_ARCH = YES;
				SDKROOT = iphoneos;
				SWIFT_ACTIVE_COMPILATION_CONDITIONS = "DEBUG $(inherited)";
				SWIFT_OPTIMIZATION_LEVEL = "-Onone";
			};
			name = Debug;
		};
		2F3320632D52BFDE00A448AA /* Release */ = {
			isa = XCBuildConfiguration;
			buildSettings = {
				ALWAYS_SEARCH_USER_PATHS = NO;
				ASSETCATALOG_COMPILER_GENERATE_SWIFT_ASSET_SYMBOL_EXTENSIONS = YES;
				CLANG_ANALYZER_NONNULL = YES;
				CLANG_ANALYZER_NUMBER_OBJECT_CONVERSION = YES_AGGRESSIVE;
				CLANG_CXX_LANGUAGE_STANDARD = "gnu++20";
				CLANG_ENABLE_MODULES = YES;
				CLANG_ENABLE_OBJC_ARC = YES;
				CLANG_ENABLE_OBJC_WEAK = YES;
				CLANG_WARN_BLOCK_CAPTURE_AUTORELEASING = YES;
				CLANG_WARN_BOOL_CONVERSION = YES;
				CLANG_WARN_COMMA = YES;
				CLANG_WARN_CONSTANT_CONVERSION = YES;
				CLANG_WARN_DEPRECATED_OBJC_IMPLEMENTATIONS = YES;
				CLANG_WARN_DIRECT_OBJC_ISA_USAGE = YES_ERROR;
				CLANG_WARN_DOCUMENTATION_COMMENTS = YES;
				CLANG_WARN_EMPTY_BODY = YES;
				CLANG_WARN_ENUM_CONVERSION = YES;
				CLANG_WARN_INFINITE_RECURSION = YES;
				CLANG_WARN_INT_CONVERSION = YES;
				CLANG_WARN_NON_LITERAL_NULL_CONVERSION = YES;
				CLANG_WARN_OBJC_IMPLICIT_RETAIN_SELF = YES;
				CLANG_WARN_OBJC_LITERAL_CONVERSION = YES;
				CLANG_WARN_OBJC_ROOT_CLASS = YES_ERROR;
				CLANG_WARN_QUOTED_INCLUDE_IN_FRAMEWORK_HEADER = YES;
				CLANG_WARN_RANGE_LOOP_ANALYSIS = YES;
				CLANG_WARN_STRICT_PROTOTYPES = YES;
				CLANG_WARN_SUSPICIOUS_MOVE = YES;
				CLANG_WARN_UNGUARDED_AVAILABILITY = YES_AGGRESSIVE;
				CLANG_WARN_UNREACHABLE_CODE = YES;
				CLANG_WARN__DUPLICATE_METHOD_MATCH = YES;
				COPY_PHASE_STRIP = NO;
				DEBUG_INFORMATION_FORMAT = "dwarf-with-dsym";
				ENABLE_NS_ASSERTIONS = NO;
				ENABLE_STRICT_OBJC_MSGSEND = YES;
				ENABLE_USER_SCRIPT_SANDBOXING = YES;
				GCC_C_LANGUAGE_STANDARD = gnu17;
				GCC_NO_COMMON_BLOCKS = YES;
				GCC_WARN_64_TO_32_BIT_CONVERSION = YES;
				GCC_WARN_ABOUT_RETURN_TYPE = YES_ERROR;
				GCC_WARN_UNDECLARED_SELECTOR = YES;
				GCC_WARN_UNINITIALIZED_AUTOS = YES_AGGRESSIVE;
				GCC_WARN_UNUSED_FUNCTION = YES;
				GCC_WARN_UNUSED_VARIABLE = YES;
				IPHONEOS_DEPLOYMENT_TARGET = 18.2;
				LOCALIZATION_PREFERS_STRING_CATALOGS = YES;
				MTL_ENABLE_DEBUG_INFO = NO;
				MTL_FAST_MATH = YES;
				SDKROOT = iphoneos;
				SWIFT_COMPILATION_MODE = wholemodule;
				VALIDATE_PRODUCT = YES;
			};
			name = Release;
		};
		2F3320652D52BFDE00A448AA /* Debug */ = {
			isa = XCBuildConfiguration;
			buildSettings = {
				ASSETCATALOG_COMPILER_APPICON_NAME = AppIcon;
				ASSETCATALOG_COMPILER_GLOBAL_ACCENT_COLOR_NAME = AccentColor;
				CODE_SIGN_STYLE = Automatic;
				CURRENT_PROJECT_VERSION = 1;
				DEVELOPMENT_ASSET_PATHS = "\"SQDemo/Preview Content\"";
				DEVELOPMENT_TEAM = XR8B6CD39Y;
				ENABLE_PREVIEWS = YES;
				GENERATE_INFOPLIST_FILE = YES;
				INFOPLIST_KEY_UIApplicationSceneManifest_Generation = YES;
				INFOPLIST_KEY_UIApplicationSupportsIndirectInputEvents = YES;
				INFOPLIST_KEY_UILaunchScreen_Generation = YES;
				INFOPLIST_KEY_UISupportedInterfaceOrientations_iPad = "UIInterfaceOrientationPortrait UIInterfaceOrientationPortraitUpsideDown UIInterfaceOrientationLandscapeLeft UIInterfaceOrientationLandscapeRight";
				INFOPLIST_KEY_UISupportedInterfaceOrientations_iPhone = "UIInterfaceOrientationPortrait UIInterfaceOrientationLandscapeLeft UIInterfaceOrientationLandscapeRight";
				LD_RUNPATH_SEARCH_PATHS = (
					"$(inherited)",
					"@executable_path/Frameworks",
				);
				MARKETING_VERSION = 1.0;
				PRODUCT_BUNDLE_IDENTIFIER = com.benpatterson.SQDemo;
				PRODUCT_NAME = "$(TARGET_NAME)";
				SWIFT_EMIT_LOC_STRINGS = YES;
				SWIFT_VERSION = 5.0;
				TARGETED_DEVICE_FAMILY = "1,2";
			};
			name = Debug;
		};
		2F3320662D52BFDE00A448AA /* Release */ = {
			isa = XCBuildConfiguration;
			buildSettings = {
				ASSETCATALOG_COMPILER_APPICON_NAME = AppIcon;
				ASSETCATALOG_COMPILER_GLOBAL_ACCENT_COLOR_NAME = AccentColor;
				CODE_SIGN_STYLE = Automatic;
				CURRENT_PROJECT_VERSION = 1;
				DEVELOPMENT_ASSET_PATHS = "\"SQDemo/Preview Content\"";
				DEVELOPMENT_TEAM = XR8B6CD39Y;
				ENABLE_PREVIEWS = YES;
				GENERATE_INFOPLIST_FILE = YES;
				INFOPLIST_KEY_UIApplicationSceneManifest_Generation = YES;
				INFOPLIST_KEY_UIApplicationSupportsIndirectInputEvents = YES;
				INFOPLIST_KEY_UILaunchScreen_Generation = YES;
				INFOPLIST_KEY_UISupportedInterfaceOrientations_iPad = "UIInterfaceOrientationPortrait UIInterfaceOrientationPortraitUpsideDown UIInterfaceOrientationLandscapeLeft UIInterfaceOrientationLandscapeRight";
				INFOPLIST_KEY_UISupportedInterfaceOrientations_iPhone = "UIInterfaceOrientationPortrait UIInterfaceOrientationLandscapeLeft UIInterfaceOrientationLandscapeRight";
				LD_RUNPATH_SEARCH_PATHS = (
					"$(inherited)",
					"@executable_path/Frameworks",
				);
				MARKETING_VERSION = 1.0;
				PRODUCT_BUNDLE_IDENTIFIER = com.benpatterson.SQDemo;
				PRODUCT_NAME = "$(TARGET_NAME)";
				SWIFT_EMIT_LOC_STRINGS = YES;
				SWIFT_VERSION = 5.0;
				TARGETED_DEVICE_FAMILY = "1,2";
			};
			name = Release;
		};
		2F3320682D52BFDE00A448AA /* Debug */ = {
			isa = XCBuildConfiguration;
			buildSettings = {
				BUNDLE_LOADER = "$(TEST_HOST)";
				CODE_SIGN_STYLE = Automatic;
				CURRENT_PROJECT_VERSION = 1;
				DEVELOPMENT_TEAM = 6X43R5V9QG;
				GENERATE_INFOPLIST_FILE = YES;
				IPHONEOS_DEPLOYMENT_TARGET = 18.2;
				MARKETING_VERSION = 1.0;
				PRODUCT_BUNDLE_IDENTIFIER = com.benpatterson.SQDemoTests;
				PRODUCT_NAME = "$(TARGET_NAME)";
				SWIFT_EMIT_LOC_STRINGS = NO;
				SWIFT_VERSION = 5.0;
				TARGETED_DEVICE_FAMILY = "1,2";
				TEST_HOST = "$(BUILT_PRODUCTS_DIR)/OurSQDemo.app/$(BUNDLE_EXECUTABLE_FOLDER_PATH)/OurSQDemo";
			};
			name = Debug;
		};
		2F3320692D52BFDE00A448AA /* Release */ = {
			isa = XCBuildConfiguration;
			buildSettings = {
				BUNDLE_LOADER = "$(TEST_HOST)";
				CODE_SIGN_STYLE = Automatic;
				CURRENT_PROJECT_VERSION = 1;
				DEVELOPMENT_TEAM = 6X43R5V9QG;
				GENERATE_INFOPLIST_FILE = YES;
				IPHONEOS_DEPLOYMENT_TARGET = 18.2;
				MARKETING_VERSION = 1.0;
				PRODUCT_BUNDLE_IDENTIFIER = com.benpatterson.SQDemoTests;
				PRODUCT_NAME = "$(TARGET_NAME)";
				SWIFT_EMIT_LOC_STRINGS = NO;
				SWIFT_VERSION = 5.0;
				TARGETED_DEVICE_FAMILY = "1,2";
				TEST_HOST = "$(BUILT_PRODUCTS_DIR)/OurSQDemo.app/$(BUNDLE_EXECUTABLE_FOLDER_PATH)/OurSQDemo";
			};
			name = Release;
		};
		2F33206B2D52BFDE00A448AA /* Debug */ = {
			isa = XCBuildConfiguration;
			buildSettings = {
				CODE_SIGN_STYLE = Automatic;
				CURRENT_PROJECT_VERSION = 1;
				DEVELOPMENT_TEAM = 6X43R5V9QG;
				GENERATE_INFOPLIST_FILE = YES;
				MARKETING_VERSION = 1.0;
				PRODUCT_BUNDLE_IDENTIFIER = com.benpatterson.SQDemoUITests;
				PRODUCT_NAME = "$(TARGET_NAME)";
				PROVISIONING_PROFILE = "";
				SWIFT_EMIT_LOC_STRINGS = NO;
				SWIFT_VERSION = 5.0;
				TARGETED_DEVICE_FAMILY = "1,2";
				TEST_TARGET_NAME = OurSQDemo;
			};
			name = Debug;
		};
		2F33206C2D52BFDE00A448AA /* Release */ = {
			isa = XCBuildConfiguration;
			buildSettings = {
				CODE_SIGN_STYLE = Automatic;
				CURRENT_PROJECT_VERSION = 1;
				DEVELOPMENT_TEAM = 6X43R5V9QG;
				GENERATE_INFOPLIST_FILE = YES;
				MARKETING_VERSION = 1.0;
				PRODUCT_BUNDLE_IDENTIFIER = com.benpatterson.SQDemoUITests;
				PRODUCT_NAME = "$(TARGET_NAME)";
				PROVISIONING_PROFILE = "";
				SWIFT_EMIT_LOC_STRINGS = NO;
				SWIFT_VERSION = 5.0;
				TARGETED_DEVICE_FAMILY = "1,2";
				TEST_TARGET_NAME = OurSQDemo;
			};
			name = Release;
		};
/* End XCBuildConfiguration section */

/* Begin XCConfigurationList section */
		2F33203B2D52BFDC00A448AA /* Build configuration list for PBXProject "SQDemo" */ = {
			isa = XCConfigurationList;
			buildConfigurations = (
				2F3320622D52BFDE00A448AA /* Debug */,
				2F3320632D52BFDE00A448AA /* Release */,
			);
			defaultConfigurationIsVisible = 0;
			defaultConfigurationName = Release;
		};
		2F3320642D52BFDE00A448AA /* Build configuration list for PBXNativeTarget "OurSQDemo" */ = {
			isa = XCConfigurationList;
			buildConfigurations = (
				2F3320652D52BFDE00A448AA /* Debug */,
				2F3320662D52BFDE00A448AA /* Release */,
			);
			defaultConfigurationIsVisible = 0;
			defaultConfigurationName = Release;
		};
		2F3320672D52BFDE00A448AA /* Build configuration list for PBXNativeTarget "OurSQDemoTests" */ = {
			isa = XCConfigurationList;
			buildConfigurations = (
				2F3320682D52BFDE00A448AA /* Debug */,
				2F3320692D52BFDE00A448AA /* Release */,
			);
			defaultConfigurationIsVisible = 0;
			defaultConfigurationName = Release;
		};
		2F33206A2D52BFDE00A448AA /* Build configuration list for PBXNativeTarget "OurSQDemoUITests" */ = {
			isa = XCConfigurationList;
			buildConfigurations = (
				2F33206B2D52BFDE00A448AA /* Debug */,
				2F33206C2D52BFDE00A448AA /* Release */,
			);
			defaultConfigurationIsVisible = 0;
			defaultConfigurationName = Release;
		};
/* End XCConfigurationList section */
	};
	rootObject = 2F3320382D52BFDC00A448AA /* Project object */;
}
